
Microsoft Visual Studio Solution File, Format Version 12.00
# Visual Studio 15
VisualStudioVersion = 15.0.28016.0
MinimumVisualStudioVersion = 10.0.40219.1
Project("{FAE04EC0-301F-11D3-BF4B-00C04F79EFBC}") = "YoureAProgrammer.Android", "YoureAProgrammer\YoureAProgrammer.Android\YoureAProgrammer.Android.csproj", "{D2222BB8-FA73-4034-93D8-B30A4272E382}"
EndProject
Project("{FAE04EC0-301F-11D3-BF4B-00C04F79EFBC}") = "YoureAProgrammer.iOS", "YoureAProgrammer\YoureAProgrammer.iOS\YoureAProgrammer.iOS.csproj", "{9410999E-3191-4F47-8830-0789658AD25F}"
EndProject
Project("{FAE04EC0-301F-11D3-BF4B-00C04F79EFBC}") = "YoureAProgrammer", "YoureAProgrammer\YoureAProgrammer\YoureAProgrammer.csproj", "{41053982-BB4B-4789-B2D3-1E008CBA4341}"
EndProject
Global
	GlobalSection(SolutionConfigurationPlatforms) = preSolution
		Ad-Hoc|Any CPU = Ad-Hoc|Any CPU
		Ad-Hoc|iPhone = Ad-Hoc|iPhone
		Ad-Hoc|iPhoneSimulator = Ad-Hoc|iPhoneSimulator
		AppStore|Any CPU = AppStore|Any CPU
		AppStore|iPhone = AppStore|iPhone
		AppStore|iPhoneSimulator = AppStore|iPhoneSimulator
		Debug|Any CPU = Debug|Any CPU
		Debug|iPhone = Debug|iPhone
		Debug|iPhoneSimulator = Debug|iPhoneSimulator
		Release|Any CPU = Release|Any CPU
		Release|iPhone = Release|iPhone
		Release|iPhoneSimulator = Release|iPhoneSimulator
	EndGlobalSection
	GlobalSection(ProjectConfigurationPlatforms) = postSolution
		{D2222BB8-FA73-4034-93D8-B30A4272E382}.Ad-Hoc|Any CPU.ActiveCfg = Release|Any CPU
		{D2222BB8-FA73-4034-93D8-B30A4272E382}.Ad-Hoc|Any CPU.Build.0 = Release|Any CPU
		{D2222BB8-FA73-4034-93D8-B30A4272E382}.Ad-Hoc|Any CPU.Deploy.0 = Release|Any CPU
		{D2222BB8-FA73-4034-93D8-B30A4272E382}.Ad-Hoc|iPhone.ActiveCfg = Release|Any CPU
		{D2222BB8-FA73-4034-93D8-B30A4272E382}.Ad-Hoc|iPhone.Build.0 = Release|Any CPU
		{D2222BB8-FA73-4034-93D8-B30A4272E382}.Ad-Hoc|iPhone.Deploy.0 = Release|Any CPU
		{D2222BB8-FA73-4034-93D8-B30A4272E382}.Ad-Hoc|iPhoneSimulator.ActiveCfg = Release|Any CPU
		{D2222BB8-FA73-4034-93D8-B30A4272E382}.Ad-Hoc|iPhoneSimulator.Build.0 = Release|Any CPU
		{D2222BB8-FA73-4034-93D8-B30A4272E382}.Ad-Hoc|iPhoneSimulator.Deploy.0 = Release|Any CPU
		{D2222BB8-FA73-4034-93D8-B30A4272E382}.AppStore|Any CPU.ActiveCfg = Release|Any CPU
		{D2222BB8-FA73-4034-93D8-B30A4272E382}.AppStore|Any CPU.Build.0 = Release|Any CPU
		{D2222BB8-FA73-4034-93D8-B30A4272E382}.AppStore|Any CPU.Deploy.0 = Release|Any CPU
		{D2222BB8-FA73-4034-93D8-B30A4272E382}.AppStore|iPhone.ActiveCfg = Release|Any CPU
		{D2222BB8-FA73-4034-93D8-B30A4272E382}.AppStore|iPhone.Build.0 = Release|Any CPU
		{D2222BB8-FA73-4034-93D8-B30A4272E382}.AppStore|iPhone.Deploy.0 = Release|Any CPU
		{D2222BB8-FA73-4034-93D8-B30A4272E382}.AppStore|iPhoneSimulator.ActiveCfg = Release|Any CPU
		{D2222BB8-FA73-4034-93D8-B30A4272E382}.AppStore|iPhoneSimulator.Build.0 = Release|Any CPU
		{D2222BB8-FA73-4034-93D8-B30A4272E382}.AppStore|iPhoneSimulator.Deploy.0 = Release|Any CPU
		{D2222BB8-FA73-4034-93D8-B30A4272E382}.Debug|Any CPU.ActiveCfg = Debug|Any CPU
		{D2222BB8-FA73-4034-93D8-B30A4272E382}.Debug|Any CPU.Build.0 = Debug|Any CPU
		{D2222BB8-FA73-4034-93D8-B30A4272E382}.Debug|Any CPU.Deploy.0 = Debug|Any CPU
		{D2222BB8-FA73-4034-93D8-B30A4272E382}.Debug|iPhone.ActiveCfg = Debug|Any CPU
		{D2222BB8-FA73-4034-93D8-B30A4272E382}.Debug|iPhone.Build.0 = Debug|Any CPU
		{D2222BB8-FA73-4034-93D8-B30A4272E382}.Debug|iPhone.Deploy.0 = Debug|Any CPU
		{D2222BB8-FA73-4034-93D8-B30A4272E382}.Debug|iPhoneSimulator.ActiveCfg = Debug|Any CPU
		{D2222BB8-FA73-4034-93D8-B30A4272E382}.Debug|iPhoneSimulator.Build.0 = Debug|Any CPU
		{D2222BB8-FA73-4034-93D8-B30A4272E382}.Debug|iPhoneSimulator.Deploy.0 = Debug|Any CPU
		{D2222BB8-FA73-4034-93D8-B30A4272E382}.Release|Any CPU.ActiveCfg = Release|Any CPU
		{D2222BB8-FA73-4034-93D8-B30A4272E382}.Release|Any CPU.Build.0 = Release|Any CPU
		{D2222BB8-FA73-4034-93D8-B30A4272E382}.Release|Any CPU.Deploy.0 = Release|Any CPU
		{D2222BB8-FA73-4034-93D8-B30A4272E382}.Release|iPhone.ActiveCfg = Release|Any CPU
		{D2222BB8-FA73-4034-93D8-B30A4272E382}.Release|iPhone.Build.0 = Release|Any CPU
		{D2222BB8-FA73-4034-93D8-B30A4272E382}.Release|iPhone.Deploy.0 = Release|Any CPU
		{D2222BB8-FA73-4034-93D8-B30A4272E382}.Release|iPhoneSimulator.ActiveCfg = Release|Any CPU
		{D2222BB8-FA73-4034-93D8-B30A4272E382}.Release|iPhoneSimulator.Build.0 = Release|Any CPU
		{D2222BB8-FA73-4034-93D8-B30A4272E382}.Release|iPhoneSimulator.Deploy.0 = Release|Any CPU
		{9410999E-3191-4F47-8830-0789658AD25F}.Ad-Hoc|Any CPU.ActiveCfg = Ad-Hoc|iPhone
		{9410999E-3191-4F47-8830-0789658AD25F}.Ad-Hoc|Any CPU.Build.0 = Ad-Hoc|iPhone
		{9410999E-3191-4F47-8830-0789658AD25F}.Ad-Hoc|Any CPU.Deploy.0 = Ad-Hoc|iPhone
		{9410999E-3191-4F47-8830-0789658AD25F}.Ad-Hoc|iPhone.ActiveCfg = Ad-Hoc|iPhone
		{9410999E-3191-4F47-8830-0789658AD25F}.Ad-Hoc|iPhone.Build.0 = Ad-Hoc|iPhone
		{9410999E-3191-4F47-8830-0789658AD25F}.Ad-Hoc|iPhone.Deploy.0 = Ad-Hoc|iPhone
		{9410999E-3191-4F47-8830-0789658AD25F}.Ad-Hoc|iPhoneSimulator.ActiveCfg = Ad-Hoc|iPhoneSimulator
		{9410999E-3191-4F47-8830-0789658AD25F}.Ad-Hoc|iPhoneSimulator.Build.0 = Ad-Hoc|iPhoneSimulator
		{9410999E-3191-4F47-8830-0789658AD25F}.Ad-Hoc|iPhoneSimulator.Deploy.0 = Ad-Hoc|iPhoneSimulator
		{9410999E-3191-4F47-8830-0789658AD25F}.AppStore|Any CPU.ActiveCfg = AppStore|iPhone
		{9410999E-3191-4F47-8830-0789658AD25F}.AppStore|Any CPU.Build.0 = AppStore|iPhone
		{9410999E-3191-4F47-8830-0789658AD25F}.AppStore|Any CPU.Deploy.0 = AppStore|iPhone
		{9410999E-3191-4F47-8830-0789658AD25F}.AppStore|iPhone.ActiveCfg = AppStore|iPhone
		{9410999E-3191-4F47-8830-0789658AD25F}.AppStore|iPhone.Build.0 = AppStore|iPhone
		{9410999E-3191-4F47-8830-0789658AD25F}.AppStore|iPhone.Deploy.0 = AppStore|iPhone
		{9410999E-3191-4F47-8830-0789658AD25F}.AppStore|iPhoneSimulator.ActiveCfg = AppStore|iPhoneSimulator
		{9410999E-3191-4F47-8830-0789658AD25F}.AppStore|iPhoneSimulator.Build.0 = AppStore|iPhoneSimulator
		{9410999E-3191-4F47-8830-0789658AD25F}.AppStore|iPhoneSimulator.Deploy.0 = AppStore|iPhoneSimulator
		{9410999E-3191-4F47-8830-0789658AD25F}.Debug|Any CPU.ActiveCfg = Debug|iPhoneSimulator
		{9410999E-3191-4F47-8830-0789658AD25F}.Debug|Any CPU.Build.0 = Debug|iPhoneSimulator
		{9410999E-3191-4F47-8830-0789658AD25F}.Debug|Any CPU.Deploy.0 = Debug|iPhoneSimulator
		{9410999E-3191-4F47-8830-0789658AD25F}.Debug|iPhone.ActiveCfg = Debug|iPhone
		{9410999E-3191-4F47-8830-0789658AD25F}.Debug|iPhone.Build.0 = Debug|iPhone
		{9410999E-3191-4F47-8830-0789658AD25F}.Debug|iPhone.Deploy.0 = Debug|iPhone
		{9410999E-3191-4F47-8830-0789658AD25F}.Debug|iPhoneSimulator.ActiveCfg = Debug|iPhoneSimulator
		{9410999E-3191-4F47-8830-0789658AD25F}.Debug|iPhoneSimulator.Build.0 = Debug|iPhoneSimulator
		{9410999E-3191-4F47-8830-0789658AD25F}.Debug|iPhoneSimulator.Deploy.0 = Debug|iPhoneSimulator
		{9410999E-3191-4F47-8830-0789658AD25F}.Release|Any CPU.ActiveCfg = Release|iPhone
		{9410999E-3191-4F47-8830-0789658AD25F}.Release|Any CPU.Build.0 = Release|iPhone
		{9410999E-3191-4F47-8830-0789658AD25F}.Release|Any CPU.Deploy.0 = Release|iPhone
		{9410999E-3191-4F47-8830-0789658AD25F}.Release|iPhone.ActiveCfg = Release|iPhone
		{9410999E-3191-4F47-8830-0789658AD25F}.Release|iPhone.Build.0 = Release|iPhone
		{9410999E-3191-4F47-8830-0789658AD25F}.Release|iPhone.Deploy.0 = Release|iPhone
		{9410999E-3191-4F47-8830-0789658AD25F}.Release|iPhoneSimulator.ActiveCfg = Release|iPhoneSimulator
		{9410999E-3191-4F47-8830-0789658AD25F}.Release|iPhoneSimulator.Build.0 = Release|iPhoneSimulator
		{9410999E-3191-4F47-8830-0789658AD25F}.Release|iPhoneSimulator.Deploy.0 = Release|iPhoneSimulator
		{41053982-BB4B-4789-B2D3-1E008CBA4341}.Ad-Hoc|Any CPU.ActiveCfg = Debug|Any CPU
		{41053982-BB4B-4789-B2D3-1E008CBA4341}.Ad-Hoc|Any CPU.Build.0 = Debug|Any CPU
		{41053982-BB4B-4789-B2D3-1E008CBA4341}.Ad-Hoc|Any CPU.Deploy.0 = Debug|Any CPU
		{41053982-BB4B-4789-B2D3-1E008CBA4341}.Ad-Hoc|iPhone.ActiveCfg = Debug|Any CPU
		{41053982-BB4B-4789-B2D3-1E008CBA4341}.Ad-Hoc|iPhone.Build.0 = Debug|Any CPU
		{41053982-BB4B-4789-B2D3-1E008CBA4341}.Ad-Hoc|iPhone.Deploy.0 = Debug|Any CPU
		{41053982-BB4B-4789-B2D3-1E008CBA4341}.Ad-Hoc|iPhoneSimulator.ActiveCfg = Debug|Any CPU
		{41053982-BB4B-4789-B2D3-1E008CBA4341}.Ad-Hoc|iPhoneSimulator.Build.0 = Debug|Any CPU
		{41053982-BB4B-4789-B2D3-1E008CBA4341}.Ad-Hoc|iPhoneSimulator.Deploy.0 = Debug|Any CPU
		{41053982-BB4B-4789-B2D3-1E008CBA4341}.AppStore|Any CPU.ActiveCfg = Debug|Any CPU
		{41053982-BB4B-4789-B2D3-1E008CBA4341}.AppStore|Any CPU.Build.0 = Debug|Any CPU
		{41053982-BB4B-4789-B2D3-1E008CBA4341}.AppStore|Any CPU.Deploy.0 = Debug|Any CPU
		{41053982-BB4B-4789-B2D3-1E008CBA4341}.AppStore|iPhone.ActiveCfg = Debug|Any CPU
		{41053982-BB4B-4789-B2D3-1E008CBA4341}.AppStore|iPhone.Build.0 = Debug|Any CPU
		{41053982-BB4B-4789-B2D3-1E008CBA4341}.AppStore|iPhone.Deploy.0 = Debug|Any CPU
		{41053982-BB4B-4789-B2D3-1E008CBA4341}.AppStore|iPhoneSimulator.ActiveCfg = Debug|Any CPU
		{41053982-BB4B-4789-B2D3-1E008CBA4341}.AppStore|iPhoneSimulator.Build.0 = Debug|Any CPU
		{41053982-BB4B-4789-B2D3-1E008CBA4341}.AppStore|iPhoneSimulator.Deploy.0 = Debug|Any CPU
		{41053982-BB4B-4789-B2D3-1E008CBA4341}.Debug|Any CPU.ActiveCfg = Debug|Any CPU
		{41053982-BB4B-4789-B2D3-1E008CBA4341}.Debug|Any CPU.Build.0 = Debug|Any CPU
		{41053982-BB4B-4789-B2D3-1E008CBA4341}.Debug|Any CPU.Deploy.0 = Debug|Any CPU
		{41053982-BB4B-4789-B2D3-1E008CBA4341}.Debug|iPhone.ActiveCfg = Debug|Any CPU
		{41053982-BB4B-4789-B2D3-1E008CBA4341}.Debug|iPhone.Build.0 = Debug|Any CPU
		{41053982-BB4B-4789-B2D3-1E008CBA4341}.Debug|iPhone.Deploy.0 = Debug|Any CPU
		{41053982-BB4B-4789-B2D3-1E008CBA4341}.Debug|iPhoneSimulator.ActiveCfg = Debug|Any CPU
		{41053982-BB4B-4789-B2D3-1E008CBA4341}.Debug|iPhoneSimulator.Build.0 = Debug|Any CPU
		{41053982-BB4B-4789-B2D3-1E008CBA4341}.Debug|iPhoneSimulator.Deploy.0 = Debug|Any CPU
		{41053982-BB4B-4789-B2D3-1E008CBA4341}.Release|Any CPU.ActiveCfg = Release|Any CPU
		{41053982-BB4B-4789-B2D3-1E008CBA4341}.Release|Any CPU.Build.0 = Release|Any CPU
		{41053982-BB4B-4789-B2D3-1E008CBA4341}.Release|Any CPU.Deploy.0 = Release|Any CPU
		{41053982-BB4B-4789-B2D3-1E008CBA4341}.Release|iPhone.ActiveCfg = Release|Any CPU
		{41053982-BB4B-4789-B2D3-1E008CBA4341}.Release|iPhone.Build.0 = Release|Any CPU
		{41053982-BB4B-4789-B2D3-1E008CBA4341}.Release|iPhone.Deploy.0 = Release|Any CPU
		{41053982-BB4B-4789-B2D3-1E008CBA4341}.Release|iPhoneSimulator.ActiveCfg = Release|Any CPU
		{41053982-BB4B-4789-B2D3-1E008CBA4341}.Release|iPhoneSimulator.Build.0 = Release|Any CPU
		{41053982-BB4B-4789-B2D3-1E008CBA4341}.Release|iPhoneSimulator.Deploy.0 = Release|Any CPU
	EndGlobalSection
	GlobalSection(SolutionProperties) = preSolution
		HideSolutionNode = FALSE
	EndGlobalSection
	GlobalSection(ExtensibilityGlobals) = postSolution
		SolutionGuid = {3A72253E-F590-4924-9687-F3959DB7EB5E}
	EndGlobalSection
EndGlobal
