
Microsoft Visual Studio Solution File, Format Version 12.00
# Visual Studio 15
VisualStudioVersion = 15.0.28016.0
MinimumVisualStudioVersion = 10.0.40219.1
Project("{FAE04EC0-301F-11D3-BF4B-00C04F79EFBC}") = "YoureAProgrammer.Android", "YoureAProgrammer\YoureAProgrammer.Android\YoureAProgrammer.Android.csproj", "{D2222BB8-FA73-4034-93D8-B30A4272E382}"
EndProject
Project("{FAE04EC0-301F-11D3-BF4B-00C04F79EFBC}") = "YoureAProgrammer.iOS", "YoureAProgrammer\YoureAProgrammer.iOS\YoureAProgrammer.iOS.csproj", "{9410999E-3191-4F47-8830-0789658AD25F}"
EndProject
Project("{9A19103F-16F7-4668-BE54-9A1E7A4F7556}") = "YoureAProgrammer", "YoureAProgrammer\YoureAProgrammer\YoureAProgrammer.csproj", "{41053982-BB4B-4789-B2D3-1E008CBA4341}"
EndProject
Project("{FAE04EC0-301F-11D3-BF4B-00C04F79EFBC}") = "YoureAProgrammer.BackEnd", "YoureAProgrammer.BackEnd\YoureAProgrammer.BackEnd.csproj", "{D1D949B5-9873-4F8C-97F8-D6F2033C6197}"
EndProject
Project("{FAE04EC0-301F-11D3-BF4B-00C04F79EFBC}") = "YoureAProgrammer.API", "YoureAProgrammer.API\YoureAProgrammer.API.csproj", "{DF215859-253D-4AD8-BE19-07C6CA009D03}"
EndProject
Project("{FAE04EC0-301F-11D3-BF4B-00C04F79EFBC}") = "YoureAProgrammer.Domain", "YoureAProgrammer.Domain\YoureAProgrammer.Domain.csproj", "{7F202CF5-8DE9-4D7C-91C3-7E96C2AF426D}"
EndProject
Project("{FAE04EC0-301F-11D3-BF4B-00C04F79EFBC}") = "YoureAProgrammer.Common", "YoureAProgrammer.Common\YoureAProgrammer.Common.csproj", "{F5794A36-2318-4E22-9100-1E6F420821FC}"
EndProject
Global
	GlobalSection(SolutionConfigurationPlatforms) = preSolution
		Ad-Hoc|Any CPU = Ad-Hoc|Any CPU
		Ad-Hoc|iPhone = Ad-Hoc|iPhone
		Ad-Hoc|iPhoneSimulator = Ad-Hoc|iPhoneSimulator
		AppStore|Any CPU = AppStore|Any CPU
		AppStore|iPhone = AppStore|iPhone
		AppStore|iPhoneSimulator = AppStore|iPhoneSimulator
		Debug|Any CPU = Debug|Any CPU
		Debug|iPhone = Debug|iPhone
		Debug|iPhoneSimulator = Debug|iPhoneSimulator
		Release|Any CPU = Release|Any CPU
		Release|iPhone = Release|iPhone
		Release|iPhoneSimulator = Release|iPhoneSimulator
	EndGlobalSection
	GlobalSection(ProjectConfigurationPlatforms) = postSolution
		{D2222BB8-FA73-4034-93D8-B30A4272E382}.Ad-Hoc|Any CPU.ActiveCfg = Release|Any CPU
		{D2222BB8-FA73-4034-93D8-B30A4272E382}.Ad-Hoc|Any CPU.Build.0 = Release|Any CPU
		{D2222BB8-FA73-4034-93D8-B30A4272E382}.Ad-Hoc|Any CPU.Deploy.0 = Release|Any CPU
		{D2222BB8-FA73-4034-93D8-B30A4272E382}.Ad-Hoc|iPhone.ActiveCfg = Release|Any CPU
		{D2222BB8-FA73-4034-93D8-B30A4272E382}.Ad-Hoc|iPhone.Build.0 = Release|Any CPU
		{D2222BB8-FA73-4034-93D8-B30A4272E382}.Ad-Hoc|iPhone.Deploy.0 = Release|Any CPU
		{D2222BB8-FA73-4034-93D8-B30A4272E382}.Ad-Hoc|iPhoneSimulator.ActiveCfg = Release|Any CPU
		{D2222BB8-FA73-4034-93D8-B30A4272E382}.Ad-Hoc|iPhoneSimulator.Build.0 = Release|Any CPU
		{D2222BB8-FA73-4034-93D8-B30A4272E382}.Ad-Hoc|iPhoneSimulator.Deploy.0 = Release|Any CPU
		{D2222BB8-FA73-4034-93D8-B30A4272E382}.AppStore|Any CPU.ActiveCfg = Release|Any CPU
		{D2222BB8-FA73-4034-93D8-B30A4272E382}.AppStore|Any CPU.Build.0 = Release|Any CPU
		{D2222BB8-FA73-4034-93D8-B30A4272E382}.AppStore|Any CPU.Deploy.0 = Release|Any CPU
		{D2222BB8-FA73-4034-93D8-B30A4272E382}.AppStore|iPhone.ActiveCfg = Release|Any CPU
		{D2222BB8-FA73-4034-93D8-B30A4272E382}.AppStore|iPhone.Build.0 = Release|Any CPU
		{D2222BB8-FA73-4034-93D8-B30A4272E382}.AppStore|iPhone.Deploy.0 = Release|Any CPU
		{D2222BB8-FA73-4034-93D8-B30A4272E382}.AppStore|iPhoneSimulator.ActiveCfg = Release|Any CPU
		{D2222BB8-FA73-4034-93D8-B30A4272E382}.AppStore|iPhoneSimulator.Build.0 = Release|Any CPU
		{D2222BB8-FA73-4034-93D8-B30A4272E382}.AppStore|iPhoneSimulator.Deploy.0 = Release|Any CPU
		{D2222BB8-FA73-4034-93D8-B30A4272E382}.Debug|Any CPU.ActiveCfg = Debug|Any CPU
		{D2222BB8-FA73-4034-93D8-B30A4272E382}.Debug|Any CPU.Build.0 = Debug|Any CPU
		{D2222BB8-FA73-4034-93D8-B30A4272E382}.Debug|Any CPU.Deploy.0 = Debug|Any CPU
		{D2222BB8-FA73-4034-93D8-B30A4272E382}.Debug|iPhone.ActiveCfg = Debug|Any CPU
		{D2222BB8-FA73-4034-93D8-B30A4272E382}.Debug|iPhone.Build.0 = Debug|Any CPU
		{D2222BB8-FA73-4034-93D8-B30A4272E382}.Debug|iPhone.Deploy.0 = Debug|Any CPU
		{D2222BB8-FA73-4034-93D8-B30A4272E382}.Debug|iPhoneSimulator.ActiveCfg = Debug|Any CPU
		{D2222BB8-FA73-4034-93D8-B30A4272E382}.Debug|iPhoneSimulator.Build.0 = Debug|Any CPU
		{D2222BB8-FA73-4034-93D8-B30A4272E382}.Debug|iPhoneSimulator.Deploy.0 = Debug|Any CPU
		{D2222BB8-FA73-4034-93D8-B30A4272E382}.Release|Any CPU.ActiveCfg = Release|Any CPU
		{D2222BB8-FA73-4034-93D8-B30A4272E382}.Release|Any CPU.Build.0 = Release|Any CPU
		{D2222BB8-FA73-4034-93D8-B30A4272E382}.Release|Any CPU.Deploy.0 = Release|Any CPU
		{D2222BB8-FA73-4034-93D8-B30A4272E382}.Release|iPhone.ActiveCfg = Release|Any CPU
		{D2222BB8-FA73-4034-93D8-B30A4272E382}.Release|iPhone.Build.0 = Release|Any CPU
		{D2222BB8-FA73-4034-93D8-B30A4272E382}.Release|iPhone.Deploy.0 = Release|Any CPU
		{D2222BB8-FA73-4034-93D8-B30A4272E382}.Release|iPhoneSimulator.ActiveCfg = Release|Any CPU
		{D2222BB8-FA73-4034-93D8-B30A4272E382}.Release|iPhoneSimulator.Build.0 = Release|Any CPU
		{D2222BB8-FA73-4034-93D8-B30A4272E382}.Release|iPhoneSimulator.Deploy.0 = Release|Any CPU
		{9410999E-3191-4F47-8830-0789658AD25F}.Ad-Hoc|Any CPU.ActiveCfg = Ad-Hoc|iPhone
		{9410999E-3191-4F47-8830-0789658AD25F}.Ad-Hoc|Any CPU.Build.0 = Ad-Hoc|iPhone
		{9410999E-3191-4F47-8830-0789658AD25F}.Ad-Hoc|Any CPU.Deploy.0 = Ad-Hoc|iPhone
		{9410999E-3191-4F47-8830-0789658AD25F}.Ad-Hoc|iPhone.ActiveCfg = Ad-Hoc|iPhone
		{9410999E-3191-4F47-8830-0789658AD25F}.Ad-Hoc|iPhone.Build.0 = Ad-Hoc|iPhone
		{9410999E-3191-4F47-8830-0789658AD25F}.Ad-Hoc|iPhone.Deploy.0 = Ad-Hoc|iPhone
		{9410999E-3191-4F47-8830-0789658AD25F}.Ad-Hoc|iPhoneSimulator.ActiveCfg = Ad-Hoc|iPhoneSimulator
		{9410999E-3191-4F47-8830-0789658AD25F}.Ad-Hoc|iPhoneSimulator.Build.0 = Ad-Hoc|iPhoneSimulator
		{9410999E-3191-4F47-8830-0789658AD25F}.Ad-Hoc|iPhoneSimulator.Deploy.0 = Ad-Hoc|iPhoneSimulator
		{9410999E-3191-4F47-8830-0789658AD25F}.AppStore|Any CPU.ActiveCfg = AppStore|iPhone
		{9410999E-3191-4F47-8830-0789658AD25F}.AppStore|Any CPU.Build.0 = AppStore|iPhone
		{9410999E-3191-4F47-8830-0789658AD25F}.AppStore|Any CPU.Deploy.0 = AppStore|iPhone
		{9410999E-3191-4F47-8830-0789658AD25F}.AppStore|iPhone.ActiveCfg = AppStore|iPhone
		{9410999E-3191-4F47-8830-0789658AD25F}.AppStore|iPhone.Build.0 = AppStore|iPhone
		{9410999E-3191-4F47-8830-0789658AD25F}.AppStore|iPhone.Deploy.0 = AppStore|iPhone
		{9410999E-3191-4F47-8830-0789658AD25F}.AppStore|iPhoneSimulator.ActiveCfg = AppStore|iPhoneSimulator
		{9410999E-3191-4F47-8830-0789658AD25F}.AppStore|iPhoneSimulator.Build.0 = AppStore|iPhoneSimulator
		{9410999E-3191-4F47-8830-0789658AD25F}.AppStore|iPhoneSimulator.Deploy.0 = AppStore|iPhoneSimulator
		{9410999E-3191-4F47-8830-0789658AD25F}.Debug|Any CPU.ActiveCfg = Debug|iPhoneSimulator
		{9410999E-3191-4F47-8830-0789658AD25F}.Debug|Any CPU.Build.0 = Debug|iPhoneSimulator
		{9410999E-3191-4F47-8830-0789658AD25F}.Debug|Any CPU.Deploy.0 = Debug|iPhoneSimulator
		{9410999E-3191-4F47-8830-0789658AD25F}.Debug|iPhone.ActiveCfg = Debug|iPhone
		{9410999E-3191-4F47-8830-0789658AD25F}.Debug|iPhone.Build.0 = Debug|iPhone
		{9410999E-3191-4F47-8830-0789658AD25F}.Debug|iPhone.Deploy.0 = Debug|iPhone
		{9410999E-3191-4F47-8830-0789658AD25F}.Debug|iPhoneSimulator.ActiveCfg = Debug|iPhoneSimulator
		{9410999E-3191-4F47-8830-0789658AD25F}.Debug|iPhoneSimulator.Build.0 = Debug|iPhoneSimulator
		{9410999E-3191-4F47-8830-0789658AD25F}.Debug|iPhoneSimulator.Deploy.0 = Debug|iPhoneSimulator
		{9410999E-3191-4F47-8830-0789658AD25F}.Release|Any CPU.ActiveCfg = Release|iPhone
		{9410999E-3191-4F47-8830-0789658AD25F}.Release|Any CPU.Build.0 = Release|iPhone
		{9410999E-3191-4F47-8830-0789658AD25F}.Release|Any CPU.Deploy.0 = Release|iPhone
		{9410999E-3191-4F47-8830-0789658AD25F}.Release|iPhone.ActiveCfg = Release|iPhone
		{9410999E-3191-4F47-8830-0789658AD25F}.Release|iPhone.Build.0 = Release|iPhone
		{9410999E-3191-4F47-8830-0789658AD25F}.Release|iPhone.Deploy.0 = Release|iPhone
		{9410999E-3191-4F47-8830-0789658AD25F}.Release|iPhoneSimulator.ActiveCfg = Release|iPhoneSimulator
		{9410999E-3191-4F47-8830-0789658AD25F}.Release|iPhoneSimulator.Build.0 = Release|iPhoneSimulator
		{9410999E-3191-4F47-8830-0789658AD25F}.Release|iPhoneSimulator.Deploy.0 = Release|iPhoneSimulator
		{41053982-BB4B-4789-B2D3-1E008CBA4341}.Ad-Hoc|Any CPU.ActiveCfg = Debug|Any CPU
		{41053982-BB4B-4789-B2D3-1E008CBA4341}.Ad-Hoc|Any CPU.Build.0 = Debug|Any CPU
		{41053982-BB4B-4789-B2D3-1E008CBA4341}.Ad-Hoc|Any CPU.Deploy.0 = Debug|Any CPU
		{41053982-BB4B-4789-B2D3-1E008CBA4341}.Ad-Hoc|iPhone.ActiveCfg = Debug|Any CPU
		{41053982-BB4B-4789-B2D3-1E008CBA4341}.Ad-Hoc|iPhone.Build.0 = Debug|Any CPU
		{41053982-BB4B-4789-B2D3-1E008CBA4341}.Ad-Hoc|iPhone.Deploy.0 = Debug|Any CPU
		{41053982-BB4B-4789-B2D3-1E008CBA4341}.Ad-Hoc|iPhoneSimulator.ActiveCfg = Debug|Any CPU
		{41053982-BB4B-4789-B2D3-1E008CBA4341}.Ad-Hoc|iPhoneSimulator.Build.0 = Debug|Any CPU
		{41053982-BB4B-4789-B2D3-1E008CBA4341}.Ad-Hoc|iPhoneSimulator.Deploy.0 = Debug|Any CPU
		{41053982-BB4B-4789-B2D3-1E008CBA4341}.AppStore|Any CPU.ActiveCfg = Debug|Any CPU
		{41053982-BB4B-4789-B2D3-1E008CBA4341}.AppStore|Any CPU.Build.0 = Debug|Any CPU
		{41053982-BB4B-4789-B2D3-1E008CBA4341}.AppStore|Any CPU.Deploy.0 = Debug|Any CPU
		{41053982-BB4B-4789-B2D3-1E008CBA4341}.AppStore|iPhone.ActiveCfg = Debug|Any CPU
		{41053982-BB4B-4789-B2D3-1E008CBA4341}.AppStore|iPhone.Build.0 = Debug|Any CPU
		{41053982-BB4B-4789-B2D3-1E008CBA4341}.AppStore|iPhone.Deploy.0 = Debug|Any CPU
		{41053982-BB4B-4789-B2D3-1E008CBA4341}.AppStore|iPhoneSimulator.ActiveCfg = Debug|Any CPU
		{41053982-BB4B-4789-B2D3-1E008CBA4341}.AppStore|iPhoneSimulator.Build.0 = Debug|Any CPU
		{41053982-BB4B-4789-B2D3-1E008CBA4341}.AppStore|iPhoneSimulator.Deploy.0 = Debug|Any CPU
		{41053982-BB4B-4789-B2D3-1E008CBA4341}.Debug|Any CPU.ActiveCfg = Debug|Any CPU
		{41053982-BB4B-4789-B2D3-1E008CBA4341}.Debug|Any CPU.Build.0 = Debug|Any CPU
		{41053982-BB4B-4789-B2D3-1E008CBA4341}.Debug|Any CPU.Deploy.0 = Debug|Any CPU
		{41053982-BB4B-4789-B2D3-1E008CBA4341}.Debug|iPhone.ActiveCfg = Debug|Any CPU
		{41053982-BB4B-4789-B2D3-1E008CBA4341}.Debug|iPhone.Build.0 = Debug|Any CPU
		{41053982-BB4B-4789-B2D3-1E008CBA4341}.Debug|iPhone.Deploy.0 = Debug|Any CPU
		{41053982-BB4B-4789-B2D3-1E008CBA4341}.Debug|iPhoneSimulator.ActiveCfg = Debug|Any CPU
		{41053982-BB4B-4789-B2D3-1E008CBA4341}.Debug|iPhoneSimulator.Build.0 = Debug|Any CPU
		{41053982-BB4B-4789-B2D3-1E008CBA4341}.Debug|iPhoneSimulator.Deploy.0 = Debug|Any CPU
		{41053982-BB4B-4789-B2D3-1E008CBA4341}.Release|Any CPU.ActiveCfg = Release|Any CPU
		{41053982-BB4B-4789-B2D3-1E008CBA4341}.Release|Any CPU.Build.0 = Release|Any CPU
		{41053982-BB4B-4789-B2D3-1E008CBA4341}.Release|Any CPU.Deploy.0 = Release|Any CPU
		{41053982-BB4B-4789-B2D3-1E008CBA4341}.Release|iPhone.ActiveCfg = Release|Any CPU
		{41053982-BB4B-4789-B2D3-1E008CBA4341}.Release|iPhone.Build.0 = Release|Any CPU
		{41053982-BB4B-4789-B2D3-1E008CBA4341}.Release|iPhone.Deploy.0 = Release|Any CPU
		{41053982-BB4B-4789-B2D3-1E008CBA4341}.Release|iPhoneSimulator.ActiveCfg = Release|Any CPU
		{41053982-BB4B-4789-B2D3-1E008CBA4341}.Release|iPhoneSimulator.Build.0 = Release|Any CPU
		{41053982-BB4B-4789-B2D3-1E008CBA4341}.Release|iPhoneSimulator.Deploy.0 = Release|Any CPU
		{D1D949B5-9873-4F8C-97F8-D6F2033C6197}.Ad-Hoc|Any CPU.ActiveCfg = Release|Any CPU
		{D1D949B5-9873-4F8C-97F8-D6F2033C6197}.Ad-Hoc|Any CPU.Build.0 = Release|Any CPU
		{D1D949B5-9873-4F8C-97F8-D6F2033C6197}.Ad-Hoc|iPhone.ActiveCfg = Release|Any CPU
		{D1D949B5-9873-4F8C-97F8-D6F2033C6197}.Ad-Hoc|iPhone.Build.0 = Release|Any CPU
		{D1D949B5-9873-4F8C-97F8-D6F2033C6197}.Ad-Hoc|iPhoneSimulator.ActiveCfg = Release|Any CPU
		{D1D949B5-9873-4F8C-97F8-D6F2033C6197}.Ad-Hoc|iPhoneSimulator.Build.0 = Release|Any CPU
		{D1D949B5-9873-4F8C-97F8-D6F2033C6197}.AppStore|Any CPU.ActiveCfg = Release|Any CPU
		{D1D949B5-9873-4F8C-97F8-D6F2033C6197}.AppStore|Any CPU.Build.0 = Release|Any CPU
		{D1D949B5-9873-4F8C-97F8-D6F2033C6197}.AppStore|iPhone.ActiveCfg = Release|Any CPU
		{D1D949B5-9873-4F8C-97F8-D6F2033C6197}.AppStore|iPhone.Build.0 = Release|Any CPU
		{D1D949B5-9873-4F8C-97F8-D6F2033C6197}.AppStore|iPhoneSimulator.ActiveCfg = Release|Any CPU
		{D1D949B5-9873-4F8C-97F8-D6F2033C6197}.AppStore|iPhoneSimulator.Build.0 = Release|Any CPU
		{D1D949B5-9873-4F8C-97F8-D6F2033C6197}.Debug|Any CPU.ActiveCfg = Debug|Any CPU
		{D1D949B5-9873-4F8C-97F8-D6F2033C6197}.Debug|Any CPU.Build.0 = Debug|Any CPU
		{D1D949B5-9873-4F8C-97F8-D6F2033C6197}.Debug|iPhone.ActiveCfg = Debug|Any CPU
		{D1D949B5-9873-4F8C-97F8-D6F2033C6197}.Debug|iPhone.Build.0 = Debug|Any CPU
		{D1D949B5-9873-4F8C-97F8-D6F2033C6197}.Debug|iPhoneSimulator.ActiveCfg = Debug|Any CPU
		{D1D949B5-9873-4F8C-97F8-D6F2033C6197}.Debug|iPhoneSimulator.Build.0 = Debug|Any CPU
		{D1D949B5-9873-4F8C-97F8-D6F2033C6197}.Release|Any CPU.ActiveCfg = Release|Any CPU
		{D1D949B5-9873-4F8C-97F8-D6F2033C6197}.Release|Any CPU.Build.0 = Release|Any CPU
		{D1D949B5-9873-4F8C-97F8-D6F2033C6197}.Release|iPhone.ActiveCfg = Release|Any CPU
		{D1D949B5-9873-4F8C-97F8-D6F2033C6197}.Release|iPhone.Build.0 = Release|Any CPU
		{D1D949B5-9873-4F8C-97F8-D6F2033C6197}.Release|iPhoneSimulator.ActiveCfg = Release|Any CPU
		{D1D949B5-9873-4F8C-97F8-D6F2033C6197}.Release|iPhoneSimulator.Build.0 = Release|Any CPU
		{DF215859-253D-4AD8-BE19-07C6CA009D03}.Ad-Hoc|Any CPU.ActiveCfg = Release|Any CPU
		{DF215859-253D-4AD8-BE19-07C6CA009D03}.Ad-Hoc|Any CPU.Build.0 = Release|Any CPU
		{DF215859-253D-4AD8-BE19-07C6CA009D03}.Ad-Hoc|iPhone.ActiveCfg = Release|Any CPU
		{DF215859-253D-4AD8-BE19-07C6CA009D03}.Ad-Hoc|iPhone.Build.0 = Release|Any CPU
		{DF215859-253D-4AD8-BE19-07C6CA009D03}.Ad-Hoc|iPhoneSimulator.ActiveCfg = Release|Any CPU
		{DF215859-253D-4AD8-BE19-07C6CA009D03}.Ad-Hoc|iPhoneSimulator.Build.0 = Release|Any CPU
		{DF215859-253D-4AD8-BE19-07C6CA009D03}.AppStore|Any CPU.ActiveCfg = Release|Any CPU
		{DF215859-253D-4AD8-BE19-07C6CA009D03}.AppStore|Any CPU.Build.0 = Release|Any CPU
		{DF215859-253D-4AD8-BE19-07C6CA009D03}.AppStore|iPhone.ActiveCfg = Release|Any CPU
		{DF215859-253D-4AD8-BE19-07C6CA009D03}.AppStore|iPhone.Build.0 = Release|Any CPU
		{DF215859-253D-4AD8-BE19-07C6CA009D03}.AppStore|iPhoneSimulator.ActiveCfg = Release|Any CPU
		{DF215859-253D-4AD8-BE19-07C6CA009D03}.AppStore|iPhoneSimulator.Build.0 = Release|Any CPU
		{DF215859-253D-4AD8-BE19-07C6CA009D03}.Debug|Any CPU.ActiveCfg = Debug|Any CPU
		{DF215859-253D-4AD8-BE19-07C6CA009D03}.Debug|Any CPU.Build.0 = Debug|Any CPU
		{DF215859-253D-4AD8-BE19-07C6CA009D03}.Debug|iPhone.ActiveCfg = Debug|Any CPU
		{DF215859-253D-4AD8-BE19-07C6CA009D03}.Debug|iPhone.Build.0 = Debug|Any CPU
		{DF215859-253D-4AD8-BE19-07C6CA009D03}.Debug|iPhoneSimulator.ActiveCfg = Debug|Any CPU
		{DF215859-253D-4AD8-BE19-07C6CA009D03}.Debug|iPhoneSimulator.Build.0 = Debug|Any CPU
		{DF215859-253D-4AD8-BE19-07C6CA009D03}.Release|Any CPU.ActiveCfg = Release|Any CPU
		{DF215859-253D-4AD8-BE19-07C6CA009D03}.Release|Any CPU.Build.0 = Release|Any CPU
		{DF215859-253D-4AD8-BE19-07C6CA009D03}.Release|iPhone.ActiveCfg = Release|Any CPU
		{DF215859-253D-4AD8-BE19-07C6CA009D03}.Release|iPhone.Build.0 = Release|Any CPU
		{DF215859-253D-4AD8-BE19-07C6CA009D03}.Release|iPhoneSimulator.ActiveCfg = Release|Any CPU
		{DF215859-253D-4AD8-BE19-07C6CA009D03}.Release|iPhoneSimulator.Build.0 = Release|Any CPU
		{7F202CF5-8DE9-4D7C-91C3-7E96C2AF426D}.Ad-Hoc|Any CPU.ActiveCfg = Release|Any CPU
		{7F202CF5-8DE9-4D7C-91C3-7E96C2AF426D}.Ad-Hoc|Any CPU.Build.0 = Release|Any CPU
		{7F202CF5-8DE9-4D7C-91C3-7E96C2AF426D}.Ad-Hoc|iPhone.ActiveCfg = Release|Any CPU
		{7F202CF5-8DE9-4D7C-91C3-7E96C2AF426D}.Ad-Hoc|iPhone.Build.0 = Release|Any CPU
		{7F202CF5-8DE9-4D7C-91C3-7E96C2AF426D}.Ad-Hoc|iPhoneSimulator.ActiveCfg = Release|Any CPU
		{7F202CF5-8DE9-4D7C-91C3-7E96C2AF426D}.Ad-Hoc|iPhoneSimulator.Build.0 = Release|Any CPU
		{7F202CF5-8DE9-4D7C-91C3-7E96C2AF426D}.AppStore|Any CPU.ActiveCfg = Release|Any CPU
		{7F202CF5-8DE9-4D7C-91C3-7E96C2AF426D}.AppStore|Any CPU.Build.0 = Release|Any CPU
		{7F202CF5-8DE9-4D7C-91C3-7E96C2AF426D}.AppStore|iPhone.ActiveCfg = Release|Any CPU
		{7F202CF5-8DE9-4D7C-91C3-7E96C2AF426D}.AppStore|iPhone.Build.0 = Release|Any CPU
		{7F202CF5-8DE9-4D7C-91C3-7E96C2AF426D}.AppStore|iPhoneSimulator.ActiveCfg = Release|Any CPU
		{7F202CF5-8DE9-4D7C-91C3-7E96C2AF426D}.AppStore|iPhoneSimulator.Build.0 = Release|Any CPU
		{7F202CF5-8DE9-4D7C-91C3-7E96C2AF426D}.Debug|Any CPU.ActiveCfg = Debug|Any CPU
		{7F202CF5-8DE9-4D7C-91C3-7E96C2AF426D}.Debug|Any CPU.Build.0 = Debug|Any CPU
		{7F202CF5-8DE9-4D7C-91C3-7E96C2AF426D}.Debug|iPhone.ActiveCfg = Debug|Any CPU
		{7F202CF5-8DE9-4D7C-91C3-7E96C2AF426D}.Debug|iPhone.Build.0 = Debug|Any CPU
		{7F202CF5-8DE9-4D7C-91C3-7E96C2AF426D}.Debug|iPhoneSimulator.ActiveCfg = Debug|Any CPU
		{7F202CF5-8DE9-4D7C-91C3-7E96C2AF426D}.Debug|iPhoneSimulator.Build.0 = Debug|Any CPU
		{7F202CF5-8DE9-4D7C-91C3-7E96C2AF426D}.Release|Any CPU.ActiveCfg = Release|Any CPU
		{7F202CF5-8DE9-4D7C-91C3-7E96C2AF426D}.Release|Any CPU.Build.0 = Release|Any CPU
		{7F202CF5-8DE9-4D7C-91C3-7E96C2AF426D}.Release|iPhone.ActiveCfg = Release|Any CPU
		{7F202CF5-8DE9-4D7C-91C3-7E96C2AF426D}.Release|iPhone.Build.0 = Release|Any CPU
		{7F202CF5-8DE9-4D7C-91C3-7E96C2AF426D}.Release|iPhoneSimulator.ActiveCfg = Release|Any CPU
		{7F202CF5-8DE9-4D7C-91C3-7E96C2AF426D}.Release|iPhoneSimulator.Build.0 = Release|Any CPU
		{F5794A36-2318-4E22-9100-1E6F420821FC}.Ad-Hoc|Any CPU.ActiveCfg = Release|Any CPU
		{F5794A36-2318-4E22-9100-1E6F420821FC}.Ad-Hoc|Any CPU.Build.0 = Release|Any CPU
		{F5794A36-2318-4E22-9100-1E6F420821FC}.Ad-Hoc|iPhone.ActiveCfg = Release|Any CPU
		{F5794A36-2318-4E22-9100-1E6F420821FC}.Ad-Hoc|iPhone.Build.0 = Release|Any CPU
		{F5794A36-2318-4E22-9100-1E6F420821FC}.Ad-Hoc|iPhoneSimulator.ActiveCfg = Release|Any CPU
		{F5794A36-2318-4E22-9100-1E6F420821FC}.Ad-Hoc|iPhoneSimulator.Build.0 = Release|Any CPU
		{F5794A36-2318-4E22-9100-1E6F420821FC}.AppStore|Any CPU.ActiveCfg = Release|Any CPU
		{F5794A36-2318-4E22-9100-1E6F420821FC}.AppStore|Any CPU.Build.0 = Release|Any CPU
		{F5794A36-2318-4E22-9100-1E6F420821FC}.AppStore|iPhone.ActiveCfg = Release|Any CPU
		{F5794A36-2318-4E22-9100-1E6F420821FC}.AppStore|iPhone.Build.0 = Release|Any CPU
		{F5794A36-2318-4E22-9100-1E6F420821FC}.AppStore|iPhoneSimulator.ActiveCfg = Release|Any CPU
		{F5794A36-2318-4E22-9100-1E6F420821FC}.AppStore|iPhoneSimulator.Build.0 = Release|Any CPU
		{F5794A36-2318-4E22-9100-1E6F420821FC}.Debug|Any CPU.ActiveCfg = Debug|Any CPU
		{F5794A36-2318-4E22-9100-1E6F420821FC}.Debug|Any CPU.Build.0 = Debug|Any CPU
		{F5794A36-2318-4E22-9100-1E6F420821FC}.Debug|iPhone.ActiveCfg = Debug|Any CPU
		{F5794A36-2318-4E22-9100-1E6F420821FC}.Debug|iPhone.Build.0 = Debug|Any CPU
		{F5794A36-2318-4E22-9100-1E6F420821FC}.Debug|iPhoneSimulator.ActiveCfg = Debug|Any CPU
		{F5794A36-2318-4E22-9100-1E6F420821FC}.Debug|iPhoneSimulator.Build.0 = Debug|Any CPU
		{F5794A36-2318-4E22-9100-1E6F420821FC}.Release|Any CPU.ActiveCfg = Release|Any CPU
		{F5794A36-2318-4E22-9100-1E6F420821FC}.Release|Any CPU.Build.0 = Release|Any CPU
		{F5794A36-2318-4E22-9100-1E6F420821FC}.Release|iPhone.ActiveCfg = Release|Any CPU
		{F5794A36-2318-4E22-9100-1E6F420821FC}.Release|iPhone.Build.0 = Release|Any CPU
		{F5794A36-2318-4E22-9100-1E6F420821FC}.Release|iPhoneSimulator.ActiveCfg = Release|Any CPU
		{F5794A36-2318-4E22-9100-1E6F420821FC}.Release|iPhoneSimulator.Build.0 = Release|Any CPU
	EndGlobalSection
	GlobalSection(SolutionProperties) = preSolution
		HideSolutionNode = FALSE
	EndGlobalSection
	GlobalSection(ExtensibilityGlobals) = postSolution
		SolutionGuid = {3A72253E-F590-4924-9687-F3959DB7EB5E}
	EndGlobalSection
EndGlobal
